
Microsoft Visual Studio Solution File, Format Version 12.00
# Visual Studio 15
VisualStudioVersion = 15.0.27428.2027
MinimumVisualStudioVersion = 10.0.40219.1
Project("{FAE04EC0-301F-11D3-BF4B-00C04F79EFBC}") = "SimpleXlsxMerge", "src\SimpleXlsxMerge\SimpleXlsxMerge.csproj", "{AFC6CEA0-95D9-4F23-9AEF-A0F10C240342}"
EndProject
Global
	GlobalSection(SolutionConfigurationPlatforms) = preSolution
		Debug|Any CPU = Debug|Any CPU
		Release|Any CPU = Release|Any CPU
	EndGlobalSection
	GlobalSection(ProjectConfigurationPlatforms) = postSolution
		{AFC6CEA0-95D9-4F23-9AEF-A0F10C240342}.Debug|Any CPU.ActiveCfg = Debug|Any CPU
		{AFC6CEA0-95D9-4F23-9AEF-A0F10C240342}.Debug|Any CPU.Build.0 = Debug|Any CPU
		{AFC6CEA0-95D9-4F23-9AEF-A0F10C240342}.Release|Any CPU.ActiveCfg = Release|Any CPU
		{AFC6CEA0-95D9-4F23-9AEF-A0F10C240342}.Release|Any CPU.Build.0 = Release|Any CPU
	EndGlobalSection
	GlobalSection(SolutionProperties) = preSolution
		HideSolutionNode = FALSE
	EndGlobalSection
	GlobalSection(ExtensibilityGlobals) = postSolution
		SolutionGuid = {6A727545-E210-4A78-9253-EFE3A92C2762}
	EndGlobalSection
EndGlobal
